// !$*UTF8*$!
{
	archiveVersion = 1;
	classes = {
	};
	objectVersion = 50;
	objects = {

/* Begin PBXBuildFile section */
		BD42BC1323A5F0B700F1EE31 /* AppDelegate.swift in Sources */ = {isa = PBXBuildFile; fileRef = BD42BC1223A5F0B700F1EE31 /* AppDelegate.swift */; };
		BD42BC1523A5F0B700F1EE31 /* SceneDelegate.swift in Sources */ = {isa = PBXBuildFile; fileRef = BD42BC1423A5F0B700F1EE31 /* SceneDelegate.swift */; };
		BD42BC1723A5F0B700F1EE31 /* ViewController.swift in Sources */ = {isa = PBXBuildFile; fileRef = BD42BC1623A5F0B700F1EE31 /* ViewController.swift */; };
		BD42BC1A23A5F0B700F1EE31 /* Main.storyboard in Resources */ = {isa = PBXBuildFile; fileRef = BD42BC1823A5F0B700F1EE31 /* Main.storyboard */; };
		BD42BC1C23A5F0B800F1EE31 /* Assets.xcassets in Resources */ = {isa = PBXBuildFile; fileRef = BD42BC1B23A5F0B800F1EE31 /* Assets.xcassets */; };
		BD42BC1F23A5F0B800F1EE31 /* LaunchScreen.storyboard in Resources */ = {isa = PBXBuildFile; fileRef = BD42BC1D23A5F0B800F1EE31 /* LaunchScreen.storyboard */; };
		BD42BC2A23A5F0B800F1EE31 /* AirportLocatorTests.swift in Sources */ = {isa = PBXBuildFile; fileRef = BD42BC2923A5F0B800F1EE31 /* AirportLocatorTests.swift */; };
		BD42BC3523A5F0B800F1EE31 /* AirportLocatorUITests.swift in Sources */ = {isa = PBXBuildFile; fileRef = BD42BC3423A5F0B800F1EE31 /* AirportLocatorUITests.swift */; };
/* End PBXBuildFile section */

/* Begin PBXContainerItemProxy section */
		BD42BC2623A5F0B800F1EE31 /* PBXContainerItemProxy */ = {
			isa = PBXContainerItemProxy;
			containerPortal = BD42BC0723A5F0B700F1EE31 /* Project object */;
			proxyType = 1;
			remoteGlobalIDString = BD42BC0E23A5F0B700F1EE31;
			remoteInfo = AirportLocator;
		};
		BD42BC3123A5F0B800F1EE31 /* PBXContainerItemProxy */ = {
			isa = PBXContainerItemProxy;
			containerPortal = BD42BC0723A5F0B700F1EE31 /* Project object */;
			proxyType = 1;
			remoteGlobalIDString = BD42BC0E23A5F0B700F1EE31;
			remoteInfo = AirportLocator;
		};
/* End PBXContainerItemProxy section */

/* Begin PBXFileReference section */
		BD42BC0F23A5F0B700F1EE31 /* AirportLocator.app */ = {isa = PBXFileReference; explicitFileType = wrapper.application; includeInIndex = 0; path = AirportLocator.app; sourceTree = BUILT_PRODUCTS_DIR; };
		BD42BC1223A5F0B700F1EE31 /* AppDelegate.swift */ = {isa = PBXFileReference; lastKnownFileType = sourcecode.swift; path = AppDelegate.swift; sourceTree = "<group>"; };
		BD42BC1423A5F0B700F1EE31 /* SceneDelegate.swift */ = {isa = PBXFileReference; lastKnownFileType = sourcecode.swift; path = SceneDelegate.swift; sourceTree = "<group>"; };
		BD42BC1623A5F0B700F1EE31 /* ViewController.swift */ = {isa = PBXFileReference; lastKnownFileType = sourcecode.swift; path = ViewController.swift; sourceTree = "<group>"; };
		BD42BC1923A5F0B700F1EE31 /* Base */ = {isa = PBXFileReference; lastKnownFileType = file.storyboard; name = Base; path = Base.lproj/Main.storyboard; sourceTree = "<group>"; };
		BD42BC1B23A5F0B800F1EE31 /* Assets.xcassets */ = {isa = PBXFileReference; lastKnownFileType = folder.assetcatalog; path = Assets.xcassets; sourceTree = "<group>"; };
		BD42BC1E23A5F0B800F1EE31 /* Base */ = {isa = PBXFileReference; lastKnownFileType = file.storyboard; name = Base; path = Base.lproj/LaunchScreen.storyboard; sourceTree = "<group>"; };
		BD42BC2023A5F0B800F1EE31 /* Info.plist */ = {isa = PBXFileReference; lastKnownFileType = text.plist.xml; path = Info.plist; sourceTree = "<group>"; };
		BD42BC2523A5F0B800F1EE31 /* AirportLocatorTests.xctest */ = {isa = PBXFileReference; explicitFileType = wrapper.cfbundle; includeInIndex = 0; path = AirportLocatorTests.xctest; sourceTree = BUILT_PRODUCTS_DIR; };
		BD42BC2923A5F0B800F1EE31 /* AirportLocatorTests.swift */ = {isa = PBXFileReference; lastKnownFileType = sourcecode.swift; path = AirportLocatorTests.swift; sourceTree = "<group>"; };
		BD42BC2B23A5F0B800F1EE31 /* Info.plist */ = {isa = PBXFileReference; lastKnownFileType = text.plist.xml; path = Info.plist; sourceTree = "<group>"; };
		BD42BC3023A5F0B800F1EE31 /* AirportLocatorUITests.xctest */ = {isa = PBXFileReference; explicitFileType = wrapper.cfbundle; includeInIndex = 0; path = AirportLocatorUITests.xctest; sourceTree = BUILT_PRODUCTS_DIR; };
		BD42BC3423A5F0B800F1EE31 /* AirportLocatorUITests.swift */ = {isa = PBXFileReference; lastKnownFileType = sourcecode.swift; path = AirportLocatorUITests.swift; sourceTree = "<group>"; };
		BD42BC3623A5F0B800F1EE31 /* Info.plist */ = {isa = PBXFileReference; lastKnownFileType = text.plist.xml; path = Info.plist; sourceTree = "<group>"; };
/* End PBXFileReference section */

/* Begin PBXFrameworksBuildPhase section */
		BD42BC0C23A5F0B700F1EE31 /* Frameworks */ = {
			isa = PBXFrameworksBuildPhase;
			buildActionMask = 2147483647;
			files = (
			);
			runOnlyForDeploymentPostprocessing = 0;
		};
		BD42BC2223A5F0B800F1EE31 /* Frameworks */ = {
			isa = PBXFrameworksBuildPhase;
			buildActionMask = 2147483647;
			files = (
			);
			runOnlyForDeploymentPostprocessing = 0;
		};
		BD42BC2D23A5F0B800F1EE31 /* Frameworks */ = {
			isa = PBXFrameworksBuildPhase;
			buildActionMask = 2147483647;
			files = (
			);
			runOnlyForDeploymentPostprocessing = 0;
		};
/* End PBXFrameworksBuildPhase section */

/* Begin PBXGroup section */
		BD42BC0623A5F0B700F1EE31 = {
			isa = PBXGroup;
			children = (
				BD42BC1123A5F0B700F1EE31 /* AirportLocator */,
				BD42BC2823A5F0B800F1EE31 /* AirportLocatorTests */,
				BD42BC3323A5F0B800F1EE31 /* AirportLocatorUITests */,
				BD42BC1023A5F0B700F1EE31 /* Products */,
			);
			sourceTree = "<group>";
		};
		BD42BC1023A5F0B700F1EE31 /* Products */ = {
			isa = PBXGroup;
			children = (
				BD42BC0F23A5F0B700F1EE31 /* AirportLocator.app */,
				BD42BC2523A5F0B800F1EE31 /* AirportLocatorTests.xctest */,
				BD42BC3023A5F0B800F1EE31 /* AirportLocatorUITests.xctest */,
			);
			name = Products;
			sourceTree = "<group>";
		};
		BD42BC1123A5F0B700F1EE31 /* AirportLocator */ = {
			isa = PBXGroup;
			children = (
				BD42BC1223A5F0B700F1EE31 /* AppDelegate.swift */,
				BD42BC1423A5F0B700F1EE31 /* SceneDelegate.swift */,
				BD42BC1623A5F0B700F1EE31 /* ViewController.swift */,
				BD42BC1823A5F0B700F1EE31 /* Main.storyboard */,
				BD42BC1B23A5F0B800F1EE31 /* Assets.xcassets */,
				BD42BC1D23A5F0B800F1EE31 /* LaunchScreen.storyboard */,
				BD42BC2023A5F0B800F1EE31 /* Info.plist */,
			);
			path = AirportLocator;
			sourceTree = "<group>";
		};
		BD42BC2823A5F0B800F1EE31 /* AirportLocatorTests */ = {
			isa = PBXGroup;
			children = (
				BD42BC2923A5F0B800F1EE31 /* AirportLocatorTests.swift */,
				BD42BC2B23A5F0B800F1EE31 /* Info.plist */,
			);
			path = AirportLocatorTests;
			sourceTree = "<group>";
		};
		BD42BC3323A5F0B800F1EE31 /* AirportLocatorUITests */ = {
			isa = PBXGroup;
			children = (
				BD42BC3423A5F0B800F1EE31 /* AirportLocatorUITests.swift */,
				BD42BC3623A5F0B800F1EE31 /* Info.plist */,
			);
			path = AirportLocatorUITests;
			sourceTree = "<group>";
		};
/* End PBXGroup section */

/* Begin PBXNativeTarget section */
		BD42BC0E23A5F0B700F1EE31 /* AirportLocator */ = {
			isa = PBXNativeTarget;
			buildConfigurationList = BD42BC3923A5F0B800F1EE31 /* Build configuration list for PBXNativeTarget "AirportLocator" */;
			buildPhases = (
				BD42BC0B23A5F0B700F1EE31 /* Sources */,
				BD42BC0C23A5F0B700F1EE31 /* Frameworks */,
				BD42BC0D23A5F0B700F1EE31 /* Resources */,
			);
			buildRules = (
			);
			dependencies = (
			);
			name = AirportLocator;
			productName = AirportLocator;
			productReference = BD42BC0F23A5F0B700F1EE31 /* AirportLocator.app */;
			productType = "com.apple.product-type.application";
		};
		BD42BC2423A5F0B800F1EE31 /* AirportLocatorTests */ = {
			isa = PBXNativeTarget;
			buildConfigurationList = BD42BC3C23A5F0B800F1EE31 /* Build configuration list for PBXNativeTarget "AirportLocatorTests" */;
			buildPhases = (
				BD42BC2123A5F0B800F1EE31 /* Sources */,
				BD42BC2223A5F0B800F1EE31 /* Frameworks */,
				BD42BC2323A5F0B800F1EE31 /* Resources */,
			);
			buildRules = (
			);
			dependencies = (
				BD42BC2723A5F0B800F1EE31 /* PBXTargetDependency */,
			);
			name = AirportLocatorTests;
			productName = AirportLocatorTests;
			productReference = BD42BC2523A5F0B800F1EE31 /* AirportLocatorTests.xctest */;
			productType = "com.apple.product-type.bundle.unit-test";
		};
		BD42BC2F23A5F0B800F1EE31 /* AirportLocatorUITests */ = {
			isa = PBXNativeTarget;
			buildConfigurationList = BD42BC3F23A5F0B800F1EE31 /* Build configuration list for PBXNativeTarget "AirportLocatorUITests" */;
			buildPhases = (
				BD42BC2C23A5F0B800F1EE31 /* Sources */,
				BD42BC2D23A5F0B800F1EE31 /* Frameworks */,
				BD42BC2E23A5F0B800F1EE31 /* Resources */,
			);
			buildRules = (
			);
			dependencies = (
				BD42BC3223A5F0B800F1EE31 /* PBXTargetDependency */,
			);
			name = AirportLocatorUITests;
			productName = AirportLocatorUITests;
			productReference = BD42BC3023A5F0B800F1EE31 /* AirportLocatorUITests.xctest */;
			productType = "com.apple.product-type.bundle.ui-testing";
		};
/* End PBXNativeTarget section */

/* Begin PBXProject section */
		BD42BC0723A5F0B700F1EE31 /* Project object */ = {
			isa = PBXProject;
			attributes = {
				LastSwiftUpdateCheck = 1130;
				LastUpgradeCheck = 1130;
				ORGANIZATIONNAME = ven2aj;
				TargetAttributes = {
					BD42BC0E23A5F0B700F1EE31 = {
						CreatedOnToolsVersion = 11.3;
					};
					BD42BC2423A5F0B800F1EE31 = {
						CreatedOnToolsVersion = 11.3;
						TestTargetID = BD42BC0E23A5F0B700F1EE31;
					};
					BD42BC2F23A5F0B800F1EE31 = {
						CreatedOnToolsVersion = 11.3;
						TestTargetID = BD42BC0E23A5F0B700F1EE31;
					};
				};
			};
			buildConfigurationList = BD42BC0A23A5F0B700F1EE31 /* Build configuration list for PBXProject "AirportLocator" */;
			compatibilityVersion = "Xcode 9.3";
			developmentRegion = en;
			hasScannedForEncodings = 0;
			knownRegions = (
				en,
				Base,
			);
			mainGroup = BD42BC0623A5F0B700F1EE31;
			productRefGroup = BD42BC1023A5F0B700F1EE31 /* Products */;
			projectDirPath = "";
			projectRoot = "";
			targets = (
				BD42BC0E23A5F0B700F1EE31 /* AirportLocator */,
				BD42BC2423A5F0B800F1EE31 /* AirportLocatorTests */,
				BD42BC2F23A5F0B800F1EE31 /* AirportLocatorUITests */,
			);
		};
/* End PBXProject section */

/* Begin PBXResourcesBuildPhase section */
		BD42BC0D23A5F0B700F1EE31 /* Resources */ = {
			isa = PBXResourcesBuildPhase;
			buildActionMask = 2147483647;
			files = (
				BD42BC1F23A5F0B800F1EE31 /* LaunchScreen.storyboard in Resources */,
				BD42BC1C23A5F0B800F1EE31 /* Assets.xcassets in Resources */,
				BD42BC1A23A5F0B700F1EE31 /* Main.storyboard in Resources */,
			);
			runOnlyForDeploymentPostprocessing = 0;
		};
		BD42BC2323A5F0B800F1EE31 /* Resources */ = {
			isa = PBXResourcesBuildPhase;
			buildActionMask = 2147483647;
			files = (
			);
			runOnlyForDeploymentPostprocessing = 0;
		};
		BD42BC2E23A5F0B800F1EE31 /* Resources */ = {
			isa = PBXResourcesBuildPhase;
			buildActionMask = 2147483647;
			files = (
			);
			runOnlyForDeploymentPostprocessing = 0;
		};
/* End PBXResourcesBuildPhase section */

/* Begin PBXSourcesBuildPhase section */
		BD42BC0B23A5F0B700F1EE31 /* Sources */ = {
			isa = PBXSourcesBuildPhase;
			buildActionMask = 2147483647;
			files = (
				BD42BC1723A5F0B700F1EE31 /* ViewController.swift in Sources */,
				BD42BC1323A5F0B700F1EE31 /* AppDelegate.swift in Sources */,
				BD42BC1523A5F0B700F1EE31 /* SceneDelegate.swift in Sources */,
			);
			runOnlyForDeploymentPostprocessing = 0;
		};
		BD42BC2123A5F0B800F1EE31 /* Sources */ = {
			isa = PBXSourcesBuildPhase;
			buildActionMask = 2147483647;
			files = (
				BD42BC2A23A5F0B800F1EE31 /* AirportLocatorTests.swift in Sources */,
			);
			runOnlyForDeploymentPostprocessing = 0;
		};
		BD42BC2C23A5F0B800F1EE31 /* Sources */ = {
			isa = PBXSourcesBuildPhase;
			buildActionMask = 2147483647;
			files = (
				BD42BC3523A5F0B800F1EE31 /* AirportLocatorUITests.swift in Sources */,
			);
			runOnlyForDeploymentPostprocessing = 0;
		};
/* End PBXSourcesBuildPhase section */

/* Begin PBXTargetDependency section */
		BD42BC2723A5F0B800F1EE31 /* PBXTargetDependency */ = {
			isa = PBXTargetDependency;
			target = BD42BC0E23A5F0B700F1EE31 /* AirportLocator */;
			targetProxy = BD42BC2623A5F0B800F1EE31 /* PBXContainerItemProxy */;
		};
		BD42BC3223A5F0B800F1EE31 /* PBXTargetDependency */ = {
			isa = PBXTargetDependency;
			target = BD42BC0E23A5F0B700F1EE31 /* AirportLocator */;
			targetProxy = BD42BC3123A5F0B800F1EE31 /* PBXContainerItemProxy */;
		};
/* End PBXTargetDependency section */

/* Begin PBXVariantGroup section */
		BD42BC1823A5F0B700F1EE31 /* Main.storyboard */ = {
			isa = PBXVariantGroup;
			children = (
				BD42BC1923A5F0B700F1EE31 /* Base */,
			);
			name = Main.storyboard;
			sourceTree = "<group>";
		};
		BD42BC1D23A5F0B800F1EE31 /* LaunchScreen.storyboard */ = {
			isa = PBXVariantGroup;
			children = (
				BD42BC1E23A5F0B800F1EE31 /* Base */,
			);
			name = LaunchScreen.storyboard;
			sourceTree = "<group>";
		};
/* End PBXVariantGroup section */

/* Begin XCBuildConfiguration section */
		BD42BC3723A5F0B800F1EE31 /* Debug */ = {
			isa = XCBuildConfiguration;
			buildSettings = {
				ALWAYS_SEARCH_USER_PATHS = NO;
				CLANG_ANALYZER_NONNULL = YES;
				CLANG_ANALYZER_NUMBER_OBJECT_CONVERSION = YES_AGGRESSIVE;
				CLANG_CXX_LANGUAGE_STANDARD = "gnu++14";
				CLANG_CXX_LIBRARY = "libc++";
				CLANG_ENABLE_MODULES = YES;
				CLANG_ENABLE_OBJC_ARC = YES;
				CLANG_ENABLE_OBJC_WEAK = YES;
				CLANG_WARN_BLOCK_CAPTURE_AUTORELEASING = YES;
				CLANG_WARN_BOOL_CONVERSION = YES;
				CLANG_WARN_COMMA = YES;
				CLANG_WARN_CONSTANT_CONVERSION = YES;
				CLANG_WARN_DEPRECATED_OBJC_IMPLEMENTATIONS = YES;
				CLANG_WARN_DIRECT_OBJC_ISA_USAGE = YES_ERROR;
				CLANG_WARN_DOCUMENTATION_COMMENTS = YES;
				CLANG_WARN_EMPTY_BODY = YES;
				CLANG_WARN_ENUM_CONVERSION = YES;
				CLANG_WARN_INFINITE_RECURSION = YES;
				CLANG_WARN_INT_CONVERSION = YES;
				CLANG_WARN_NON_LITERAL_NULL_CONVERSION = YES;
				CLANG_WARN_OBJC_IMPLICIT_RETAIN_SELF = YES;
				CLANG_WARN_OBJC_LITERAL_CONVERSION = YES;
				CLANG_WARN_OBJC_ROOT_CLASS = YES_ERROR;
				CLANG_WARN_RANGE_LOOP_ANALYSIS = YES;
				CLANG_WARN_STRICT_PROTOTYPES = YES;
				CLANG_WARN_SUSPICIOUS_MOVE = YES;
				CLANG_WARN_UNGUARDED_AVAILABILITY = YES_AGGRESSIVE;
				CLANG_WARN_UNREACHABLE_CODE = YES;
				CLANG_WARN__DUPLICATE_METHOD_MATCH = YES;
				COPY_PHASE_STRIP = NO;
				DEBUG_INFORMATION_FORMAT = dwarf;
				ENABLE_STRICT_OBJC_MSGSEND = YES;
				ENABLE_TESTABILITY = YES;
				GCC_C_LANGUAGE_STANDARD = gnu11;
				GCC_DYNAMIC_NO_PIC = NO;
				GCC_NO_COMMON_BLOCKS = YES;
				GCC_OPTIMIZATION_LEVEL = 0;
				GCC_PREPROCESSOR_DEFINITIONS = (
					"DEBUG=1",
					"$(inherited)",
				);
				GCC_WARN_64_TO_32_BIT_CONVERSION = YES;
				GCC_WARN_ABOUT_RETURN_TYPE = YES_ERROR;
				GCC_WARN_UNDECLARED_SELECTOR = YES;
				GCC_WARN_UNINITIALIZED_AUTOS = YES_AGGRESSIVE;
				GCC_WARN_UNUSED_FUNCTION = YES;
				GCC_WARN_UNUSED_VARIABLE = YES;
				IPHONEOS_DEPLOYMENT_TARGET = 13.2;
				MTL_ENABLE_DEBUG_INFO = INCLUDE_SOURCE;
				MTL_FAST_MATH = YES;
				ONLY_ACTIVE_ARCH = YES;
				SDKROOT = iphoneos;
				SWIFT_ACTIVE_COMPILATION_CONDITIONS = DEBUG;
				SWIFT_OPTIMIZATION_LEVEL = "-Onone";
			};
			name = Debug;
		};
		BD42BC3823A5F0B800F1EE31 /* Release */ = {
			isa = XCBuildConfiguration;
			buildSettings = {
				ALWAYS_SEARCH_USER_PATHS = NO;
				CLANG_ANALYZER_NONNULL = YES;
				CLANG_ANALYZER_NUMBER_OBJECT_CONVERSION = YES_AGGRESSIVE;
				CLANG_CXX_LANGUAGE_STANDARD = "gnu++14";
				CLANG_CXX_LIBRARY = "libc++";
				CLANG_ENABLE_MODULES = YES;
				CLANG_ENABLE_OBJC_ARC = YES;
				CLANG_ENABLE_OBJC_WEAK = YES;
				CLANG_WARN_BLOCK_CAPTURE_AUTORELEASING = YES;
				CLANG_WARN_BOOL_CONVERSION = YES;
				CLANG_WARN_COMMA = YES;
				CLANG_WARN_CONSTANT_CONVERSION = YES;
				CLANG_WARN_DEPRECATED_OBJC_IMPLEMENTATIONS = YES;
				CLANG_WARN_DIRECT_OBJC_ISA_USAGE = YES_ERROR;
				CLANG_WARN_DOCUMENTATION_COMMENTS = YES;
				CLANG_WARN_EMPTY_BODY = YES;
				CLANG_WARN_ENUM_CONVERSION = YES;
				CLANG_WARN_INFINITE_RECURSION = YES;
				CLANG_WARN_INT_CONVERSION = YES;
				CLANG_WARN_NON_LITERAL_NULL_CONVERSION = YES;
				CLANG_WARN_OBJC_IMPLICIT_RETAIN_SELF = YES;
				CLANG_WARN_OBJC_LITERAL_CONVERSION = YES;
				CLANG_WARN_OBJC_ROOT_CLASS = YES_ERROR;
				CLANG_WARN_RANGE_LOOP_ANALYSIS = YES;
				CLANG_WARN_STRICT_PROTOTYPES = YES;
				CLANG_WARN_SUSPICIOUS_MOVE = YES;
				CLANG_WARN_UNGUARDED_AVAILABILITY = YES_AGGRESSIVE;
				CLANG_WARN_UNREACHABLE_CODE = YES;
				CLANG_WARN__DUPLICATE_METHOD_MATCH = YES;
				COPY_PHASE_STRIP = NO;
				DEBUG_INFORMATION_FORMAT = "dwarf-with-dsym";
				ENABLE_NS_ASSERTIONS = NO;
				ENABLE_STRICT_OBJC_MSGSEND = YES;
				GCC_C_LANGUAGE_STANDARD = gnu11;
				GCC_NO_COMMON_BLOCKS = YES;
				GCC_WARN_64_TO_32_BIT_CONVERSION = YES;
				GCC_WARN_ABOUT_RETURN_TYPE = YES_ERROR;
				GCC_WARN_UNDECLARED_SELECTOR = YES;
				GCC_WARN_UNINITIALIZED_AUTOS = YES_AGGRESSIVE;
				GCC_WARN_UNUSED_FUNCTION = YES;
				GCC_WARN_UNUSED_VARIABLE = YES;
				IPHONEOS_DEPLOYMENT_TARGET = 13.2;
				MTL_ENABLE_DEBUG_INFO = NO;
				MTL_FAST_MATH = YES;
				SDKROOT = iphoneos;
				SWIFT_COMPILATION_MODE = wholemodule;
				SWIFT_OPTIMIZATION_LEVEL = "-O";
				VALIDATE_PRODUCT = YES;
			};
			name = Release;
		};
		BD42BC3A23A5F0B800F1EE31 /* Debug */ = {
			isa = XCBuildConfiguration;
			buildSettings = {
				ASSETCATALOG_COMPILER_APPICON_NAME = AppIcon;
				CODE_SIGN_STYLE = Automatic;
				INFOPLIST_FILE = AirportLocator/Info.plist;
				LD_RUNPATH_SEARCH_PATHS = (
					"$(inherited)",
					"@executable_path/Frameworks",
				);
				PRODUCT_BUNDLE_IDENTIFIER = com.ven2aj.AirportLocator;
				PRODUCT_NAME = "$(TARGET_NAME)";
				SWIFT_VERSION = 5.0;
				TARGETED_DEVICE_FAMILY = "1,2";
			};
			name = Debug;
		};
		BD42BC3B23A5F0B800F1EE31 /* Release */ = {
			isa = XCBuildConfiguration;
			buildSettings = {
				ASSETCATALOG_COMPILER_APPICON_NAME = AppIcon;
				CODE_SIGN_STYLE = Automatic;
				INFOPLIST_FILE = AirportLocator/Info.plist;
				LD_RUNPATH_SEARCH_PATHS = (
					"$(inherited)",
					"@executable_path/Frameworks",
				);
				PRODUCT_BUNDLE_IDENTIFIER = com.ven2aj.AirportLocator;
				PRODUCT_NAME = "$(TARGET_NAME)";
				SWIFT_VERSION = 5.0;
				TARGETED_DEVICE_FAMILY = "1,2";
			};
			name = Release;
		};
		BD42BC3D23A5F0B800F1EE31 /* Debug */ = {
			isa = XCBuildConfiguration;
			buildSettings = {
				ALWAYS_EMBED_SWIFT_STANDARD_LIBRARIES = YES;
				BUNDLE_LOADER = "$(TEST_HOST)";
				CODE_SIGN_STYLE = Automatic;
				INFOPLIST_FILE = AirportLocatorTests/Info.plist;
				IPHONEOS_DEPLOYMENT_TARGET = 13.2;
				LD_RUNPATH_SEARCH_PATHS = (
					"$(inherited)",
					"@executable_path/Frameworks",
					"@loader_path/Frameworks",
				);
				PRODUCT_BUNDLE_IDENTIFIER = com.ven2aj.AirportLocatorTests;
				PRODUCT_NAME = "$(TARGET_NAME)";
				SWIFT_VERSION = 5.0;
				TARGETED_DEVICE_FAMILY = "1,2";
				TEST_HOST = "$(BUILT_PRODUCTS_DIR)/AirportLocator.app/AirportLocator";
			};
			name = Debug;
		};
		BD42BC3E23A5F0B800F1EE31 /* Release */ = {
			isa = XCBuildConfiguration;
			buildSettings = {
				ALWAYS_EMBED_SWIFT_STANDARD_LIBRARIES = YES;
				BUNDLE_LOADER = "$(TEST_HOST)";
				CODE_SIGN_STYLE = Automatic;
				INFOPLIST_FILE = AirportLocatorTests/Info.plist;
				IPHONEOS_DEPLOYMENT_TARGET = 13.2;
				LD_RUNPATH_SEARCH_PATHS = (
					"$(inherited)",
					"@executable_path/Frameworks",
					"@loader_path/Frameworks",
				);
				PRODUCT_BUNDLE_IDENTIFIER = com.ven2aj.AirportLocatorTests;
				PRODUCT_NAME = "$(TARGET_NAME)";
				SWIFT_VERSION = 5.0;
				TARGETED_DEVICE_FAMILY = "1,2";
				TEST_HOST = "$(BUILT_PRODUCTS_DIR)/AirportLocator.app/AirportLocator";
			};
			name = Release;
		};
		BD42BC4023A5F0B800F1EE31 /* Debug */ = {
			isa = XCBuildConfiguration;
			buildSettings = {
				ALWAYS_EMBED_SWIFT_STANDARD_LIBRARIES = YES;
				CODE_SIGN_STYLE = Automatic;
				INFOPLIST_FILE = AirportLocatorUITests/Info.plist;
				LD_RUNPATH_SEARCH_PATHS = (
					"$(inherited)",
					"@executable_path/Frameworks",
					"@loader_path/Frameworks",
				);
				PRODUCT_BUNDLE_IDENTIFIER = com.ven2aj.AirportLocatorUITests;
				PRODUCT_NAME = "$(TARGET_NAME)";
				SWIFT_VERSION = 5.0;
				TARGETED_DEVICE_FAMILY = "1,2";
				TEST_TARGET_NAME = AirportLocator;
			};
			name = Debug;
		};
		BD42BC4123A5F0B800F1EE31 /* Release */ = {
			isa = XCBuildConfiguration;
			buildSettings = {
				ALWAYS_EMBED_SWIFT_STANDARD_LIBRARIES = YES;
				CODE_SIGN_STYLE = Automatic;
				INFOPLIST_FILE = AirportLocatorUITests/Info.plist;
				LD_RUNPATH_SEARCH_PATHS = (
					"$(inherited)",
					"@executable_path/Frameworks",
					"@loader_path/Frameworks",
				);
				PRODUCT_BUNDLE_IDENTIFIER = com.ven2aj.AirportLocatorUITests;
				PRODUCT_NAME = "$(TARGET_NAME)";
				SWIFT_VERSION = 5.0;
				TARGETED_DEVICE_FAMILY = "1,2";
				TEST_TARGET_NAME = AirportLocator;
			};
			name = Release;
		};
/* End XCBuildConfiguration section */

/* Begin XCConfigurationList section */
		BD42BC0A23A5F0B700F1EE31 /* Build configuration list for PBXProject "AirportLocator" */ = {
			isa = XCConfigurationList;
			buildConfigurations = (
				BD42BC3723A5F0B800F1EE31 /* Debug */,
				BD42BC3823A5F0B800F1EE31 /* Release */,
			);
			defaultConfigurationIsVisible = 0;
			defaultConfigurationName = Release;
		};
		BD42BC3923A5F0B800F1EE31 /* Build configuration list for PBXNativeTarget "AirportLocator" */ = {
			isa = XCConfigurationList;
			buildConfigurations = (
				BD42BC3A23A5F0B800F1EE31 /* Debug */,
				BD42BC3B23A5F0B800F1EE31 /* Release */,
			);
			defaultConfigurationIsVisible = 0;
			defaultConfigurationName = Release;
		};
		BD42BC3C23A5F0B800F1EE31 /* Build configuration list for PBXNativeTarget "AirportLocatorTests" */ = {
			isa = XCConfigurationList;
			buildConfigurations = (
				BD42BC3D23A5F0B800F1EE31 /* Debug */,
				BD42BC3E23A5F0B800F1EE31 /* Release */,
			);
			defaultConfigurationIsVisible = 0;
			defaultConfigurationName = Release;
		};
		BD42BC3F23A5F0B800F1EE31 /* Build configuration list for PBXNativeTarget "AirportLocatorUITests" */ = {
			isa = XCConfigurationList;
			buildConfigurations = (
				BD42BC4023A5F0B800F1EE31 /* Debug */,
				BD42BC4123A5F0B800F1EE31 /* Release */,
			);
			defaultConfigurationIsVisible = 0;
			defaultConfigurationName = Release;
		};
/* End XCConfigurationList section */
	};
	rootObject = BD42BC0723A5F0B700F1EE31 /* Project object */;
}
